
Microsoft Visual Studio Solution File, Format Version 12.00
# Visual Studio Version 17
VisualStudioVersion = 17.7.34202.233
MinimumVisualStudioVersion = 10.0.40219.1
Project("{FAE04EC0-301F-11D3-BF4B-00C04F79EFBC}") = "RestApiFarmersMarket", "RestApiFarmersMarket.csproj", "{79C59A71-4ABD-47D8-AB0F-ED1E21C7D0C9}"
EndProject
Global
	GlobalSection(SolutionConfigurationPlatforms) = preSolution
		Debug|Any CPU = Debug|Any CPU
		Release|Any CPU = Release|Any CPU
	EndGlobalSection
	GlobalSection(ProjectConfigurationPlatforms) = postSolution
		{79C59A71-4ABD-47D8-AB0F-ED1E21C7D0C9}.Debug|Any CPU.ActiveCfg = Debug|Any CPU
		{79C59A71-4ABD-47D8-AB0F-ED1E21C7D0C9}.Debug|Any CPU.Build.0 = Debug|Any CPU
		{79C59A71-4ABD-47D8-AB0F-ED1E21C7D0C9}.Release|Any CPU.ActiveCfg = Release|Any CPU
		{79C59A71-4ABD-47D8-AB0F-ED1E21C7D0C9}.Release|Any CPU.Build.0 = Release|Any CPU
	EndGlobalSection
	GlobalSection(SolutionProperties) = preSolution
		HideSolutionNode = FALSE
	EndGlobalSection
	GlobalSection(ExtensibilityGlobals) = postSolution
		SolutionGuid = {DE5F884F-2A3E-46C9-A57A-F4A9B2DE3D4F}
	EndGlobalSection
EndGlobal
