
Microsoft Visual Studio Solution File, Format Version 12.00
# Visual Studio Version 17
VisualStudioVersion = 17.2.32630.192
MinimumVisualStudioVersion = 10.0.40219.1
Project("{FAE04EC0-301F-11D3-BF4B-00C04F79EFBC}") = "WpfFarmersMarket", "WpfFarmersMarket.csproj", "{5C3000C1-D104-4507-AE61-28DD1C6EFE0E}"
EndProject
Global
	GlobalSection(SolutionConfigurationPlatforms) = preSolution
		Debug|Any CPU = Debug|Any CPU
		Release|Any CPU = Release|Any CPU
	EndGlobalSection
	GlobalSection(ProjectConfigurationPlatforms) = postSolution
		{5C3000C1-D104-4507-AE61-28DD1C6EFE0E}.Debug|Any CPU.ActiveCfg = Debug|Any CPU
		{5C3000C1-D104-4507-AE61-28DD1C6EFE0E}.Debug|Any CPU.Build.0 = Debug|Any CPU
		{5C3000C1-D104-4507-AE61-28DD1C6EFE0E}.Release|Any CPU.ActiveCfg = Release|Any CPU
		{5C3000C1-D104-4507-AE61-28DD1C6EFE0E}.Release|Any CPU.Build.0 = Release|Any CPU
	EndGlobalSection
	GlobalSection(SolutionProperties) = preSolution
		HideSolutionNode = FALSE
	EndGlobalSection
	GlobalSection(ExtensibilityGlobals) = postSolution
		SolutionGuid = {94461E36-5E21-4832-9DFF-BF90805632D7}
	EndGlobalSection
EndGlobal
